{
  "requires": true,
  "lockfileVersion": 1,
  "dependencies": {
    "react-media-recorder": {
      "version": "1.4.0",
      "resolved": "https://registry.npmjs.org/react-media-recorder/-/react-media-recorder-1.4.0.tgz",
      "integrity": "sha512-3lc2LsS6TUG03tmbVd9Fnh7l1+YtbGy5Z+CYQA8zkJuGdroarLXxFExPXu0RqLFbomedD+Axp3pKuNrfIBmHtw=="
    }
  }
}
